
Microsoft Visual Studio Solution File, Format Version 12.00
# Visual Studio Version 17
VisualStudioVersion = 17.2.32516.85
MinimumVisualStudioVersion = 10.0.40219.1
Project("{FAE04EC0-301F-11D3-BF4B-00C04F79EFBC}") = "SDETAPI_CSharp", "SDETAPI_CSharp\SDETAPI_CSharp.csproj", "{08061A94-2C89-459D-8F05-B04515F9AF37}"
EndProject
Global
	GlobalSection(SolutionConfigurationPlatforms) = preSolution
		Debug|Any CPU = Debug|Any CPU
		Release|Any CPU = Release|Any CPU
	EndGlobalSection
	GlobalSection(ProjectConfigurationPlatforms) = postSolution
		{08061A94-2C89-459D-8F05-B04515F9AF37}.Debug|Any CPU.ActiveCfg = Debug|Any CPU
		{08061A94-2C89-459D-8F05-B04515F9AF37}.Debug|Any CPU.Build.0 = Debug|Any CPU
		{08061A94-2C89-459D-8F05-B04515F9AF37}.Release|Any CPU.ActiveCfg = Release|Any CPU
		{08061A94-2C89-459D-8F05-B04515F9AF37}.Release|Any CPU.Build.0 = Release|Any CPU
	EndGlobalSection
	GlobalSection(SolutionProperties) = preSolution
		HideSolutionNode = FALSE
	EndGlobalSection
	GlobalSection(ExtensibilityGlobals) = postSolution
		SolutionGuid = {FCD378E3-8994-45AF-8983-5ED94860C77E}
	EndGlobalSection
EndGlobal
